
Microsoft Visual Studio Solution File, Format Version 12.00
# Visual Studio 15
VisualStudioVersion = 15.0.28307.168
MinimumVisualStudioVersion = 10.0.40219.1
Project("{FAE04EC0-301F-11D3-BF4B-00C04F79EFBC}") = "TesteProjeto1", "TesteProjeto1\TesteProjeto1.csproj", "{FE185762-287B-4EDC-8FD8-72A2D7804121}"
EndProject
Global
	GlobalSection(SolutionConfigurationPlatforms) = preSolution
		Debug|Any CPU = Debug|Any CPU
		Release|Any CPU = Release|Any CPU
	EndGlobalSection
	GlobalSection(ProjectConfigurationPlatforms) = postSolution
		{FE185762-287B-4EDC-8FD8-72A2D7804121}.Debug|Any CPU.ActiveCfg = Debug|Any CPU
		{FE185762-287B-4EDC-8FD8-72A2D7804121}.Debug|Any CPU.Build.0 = Debug|Any CPU
		{FE185762-287B-4EDC-8FD8-72A2D7804121}.Release|Any CPU.ActiveCfg = Release|Any CPU
		{FE185762-287B-4EDC-8FD8-72A2D7804121}.Release|Any CPU.Build.0 = Release|Any CPU
	EndGlobalSection
	GlobalSection(SolutionProperties) = preSolution
		HideSolutionNode = FALSE
	EndGlobalSection
	GlobalSection(ExtensibilityGlobals) = postSolution
		SolutionGuid = {923676ED-BFED-4C06-B493-6B6AD9CAAA48}
	EndGlobalSection
EndGlobal
