
Microsoft Visual Studio Solution File, Format Version 12.00
# Visual Studio 15
VisualStudioVersion = 15.0.28307.168
MinimumVisualStudioVersion = 10.0.40219.1
Project("{FAE04EC0-301F-11D3-BF4B-00C04F79EFBC}") = "Ex01", "Ex01\Ex01.csproj", "{66784E3E-A223-46A6-B7EF-3865896DDB82}"
EndProject
Project("{FAE04EC0-301F-11D3-BF4B-00C04F79EFBC}") = "Ex02", "Ex02\Ex02.csproj", "{9CAD421A-DC25-4651-8F59-B3F1650DC7D3}"
EndProject
Project("{FAE04EC0-301F-11D3-BF4B-00C04F79EFBC}") = "Ex03", "Ex03\Ex03.csproj", "{C171C643-9F7C-4EE7-B92E-D04C6376D05A}"
EndProject
Global
	GlobalSection(SolutionConfigurationPlatforms) = preSolution
		Debug|Any CPU = Debug|Any CPU
		Release|Any CPU = Release|Any CPU
	EndGlobalSection
	GlobalSection(ProjectConfigurationPlatforms) = postSolution
		{66784E3E-A223-46A6-B7EF-3865896DDB82}.Debug|Any CPU.ActiveCfg = Debug|Any CPU
		{66784E3E-A223-46A6-B7EF-3865896DDB82}.Debug|Any CPU.Build.0 = Debug|Any CPU
		{66784E3E-A223-46A6-B7EF-3865896DDB82}.Release|Any CPU.ActiveCfg = Release|Any CPU
		{66784E3E-A223-46A6-B7EF-3865896DDB82}.Release|Any CPU.Build.0 = Release|Any CPU
		{9CAD421A-DC25-4651-8F59-B3F1650DC7D3}.Debug|Any CPU.ActiveCfg = Debug|Any CPU
		{9CAD421A-DC25-4651-8F59-B3F1650DC7D3}.Debug|Any CPU.Build.0 = Debug|Any CPU
		{9CAD421A-DC25-4651-8F59-B3F1650DC7D3}.Release|Any CPU.ActiveCfg = Release|Any CPU
		{9CAD421A-DC25-4651-8F59-B3F1650DC7D3}.Release|Any CPU.Build.0 = Release|Any CPU
		{C171C643-9F7C-4EE7-B92E-D04C6376D05A}.Debug|Any CPU.ActiveCfg = Debug|Any CPU
		{C171C643-9F7C-4EE7-B92E-D04C6376D05A}.Debug|Any CPU.Build.0 = Debug|Any CPU
		{C171C643-9F7C-4EE7-B92E-D04C6376D05A}.Release|Any CPU.ActiveCfg = Release|Any CPU
		{C171C643-9F7C-4EE7-B92E-D04C6376D05A}.Release|Any CPU.Build.0 = Release|Any CPU
	EndGlobalSection
	GlobalSection(SolutionProperties) = preSolution
		HideSolutionNode = FALSE
	EndGlobalSection
	GlobalSection(ExtensibilityGlobals) = postSolution
		SolutionGuid = {E4E2743F-D8C1-4073-A589-9E235686B41B}
	EndGlobalSection
EndGlobal
